
Microsoft Visual Studio Solution File, Format Version 12.00
# Visual Studio Version 16
VisualStudioVersion = 16.0.33328.57
MinimumVisualStudioVersion = 10.0.40219.1
Project("{FAE04EC0-301F-11D3-BF4B-00C04F79EFBC}") = "Pirates", "Pirates\Pirates.csproj", "{F4FD9E8E-F073-4D4E-B56C-98EC6C99842B}"
EndProject
Global
	GlobalSection(SolutionConfigurationPlatforms) = preSolution
		Debug|Any CPU = Debug|Any CPU
		Release|Any CPU = Release|Any CPU
	EndGlobalSection
	GlobalSection(ProjectConfigurationPlatforms) = postSolution
		{F4FD9E8E-F073-4D4E-B56C-98EC6C99842B}.Debug|Any CPU.ActiveCfg = Debug|Any CPU
		{F4FD9E8E-F073-4D4E-B56C-98EC6C99842B}.Debug|Any CPU.Build.0 = Debug|Any CPU
		{F4FD9E8E-F073-4D4E-B56C-98EC6C99842B}.Release|Any CPU.ActiveCfg = Release|Any CPU
		{F4FD9E8E-F073-4D4E-B56C-98EC6C99842B}.Release|Any CPU.Build.0 = Release|Any CPU
	EndGlobalSection
	GlobalSection(SolutionProperties) = preSolution
		HideSolutionNode = FALSE
	EndGlobalSection
	GlobalSection(ExtensibilityGlobals) = postSolution
		SolutionGuid = {76D98D80-0227-4882-A1C4-9811EAEC334D}
	EndGlobalSection
EndGlobal
