
Microsoft Visual Studio Solution File, Format Version 12.00
# Visual Studio Version 16
VisualStudioVersion = 16.0.33328.57
MinimumVisualStudioVersion = 10.0.40219.1
Project("{FAE04EC0-301F-11D3-BF4B-00C04F79EFBC}") = "Basics", "Basics\Basics.csproj", "{F722EA49-9B73-4081-ABEF-943FB01284EA}"
EndProject
Global
	GlobalSection(SolutionConfigurationPlatforms) = preSolution
		Debug|Any CPU = Debug|Any CPU
		Release|Any CPU = Release|Any CPU
	EndGlobalSection
	GlobalSection(ProjectConfigurationPlatforms) = postSolution
		{F722EA49-9B73-4081-ABEF-943FB01284EA}.Debug|Any CPU.ActiveCfg = Debug|Any CPU
		{F722EA49-9B73-4081-ABEF-943FB01284EA}.Debug|Any CPU.Build.0 = Debug|Any CPU
		{F722EA49-9B73-4081-ABEF-943FB01284EA}.Release|Any CPU.ActiveCfg = Release|Any CPU
		{F722EA49-9B73-4081-ABEF-943FB01284EA}.Release|Any CPU.Build.0 = Release|Any CPU
	EndGlobalSection
	GlobalSection(SolutionProperties) = preSolution
		HideSolutionNode = FALSE
	EndGlobalSection
	GlobalSection(ExtensibilityGlobals) = postSolution
		SolutionGuid = {BCBC4671-ED21-4D16-8A2A-3159369D5EF0}
	EndGlobalSection
EndGlobal
