
Microsoft Visual Studio Solution File, Format Version 12.00
# Visual Studio Version 16
VisualStudioVersion = 16.0.33328.57
MinimumVisualStudioVersion = 10.0.40219.1
Project("{FAE04EC0-301F-11D3-BF4B-00C04F79EFBC}") = "DataStructures_FileIO_Recursion", "DataStructures_FileIO_Recursion\DataStructures_FileIO_Recursion.csproj", "{497F5CE4-1D66-44C6-A23D-973FB7BC2A25}"
EndProject
Global
	GlobalSection(SolutionConfigurationPlatforms) = preSolution
		Debug|Any CPU = Debug|Any CPU
		Release|Any CPU = Release|Any CPU
	EndGlobalSection
	GlobalSection(ProjectConfigurationPlatforms) = postSolution
		{497F5CE4-1D66-44C6-A23D-973FB7BC2A25}.Debug|Any CPU.ActiveCfg = Debug|Any CPU
		{497F5CE4-1D66-44C6-A23D-973FB7BC2A25}.Debug|Any CPU.Build.0 = Debug|Any CPU
		{497F5CE4-1D66-44C6-A23D-973FB7BC2A25}.Release|Any CPU.ActiveCfg = Release|Any CPU
		{497F5CE4-1D66-44C6-A23D-973FB7BC2A25}.Release|Any CPU.Build.0 = Release|Any CPU
	EndGlobalSection
	GlobalSection(SolutionProperties) = preSolution
		HideSolutionNode = FALSE
	EndGlobalSection
	GlobalSection(ExtensibilityGlobals) = postSolution
		SolutionGuid = {5158059A-3E0A-48DA-A65C-CA4471EA820F}
	EndGlobalSection
EndGlobal
